
Microsoft Visual Studio Solution File, Format Version 12.00
# Visual Studio 15
VisualStudioVersion = 15.0.26430.12
MinimumVisualStudioVersion = 10.0.40219.1
Project("{FAE04EC0-301F-11D3-BF4B-00C04F79EFBC}") = "MisCursosXamarin.Android", "MisCursosXamarin\MisCursosXamarin.Android\MisCursosXamarin.Android.csproj", "{BF01C39B-2107-41AF-BD2D-502B88593B4B}"
EndProject
Project("{FAE04EC0-301F-11D3-BF4B-00C04F79EFBC}") = "MisCursosXamarin", "MisCursosXamarin\MisCursosXamarin\MisCursosXamarin.csproj", "{CCB88531-9B1B-4AD5-A44F-E136576DF1E7}"
EndProject
Project("{FAE04EC0-301F-11D3-BF4B-00C04F79EFBC}") = "MisCursosXamarin.UWP", "MisCursosXamarin\MisCursosXamarin.UWP\MisCursosXamarin.UWP.csproj", "{81FFAC3A-3AE3-47D7-B39A-93D719BAEB90}"
EndProject
Project("{FAE04EC0-301F-11D3-BF4B-00C04F79EFBC}") = "MisCursosXamarin.iOS", "MisCursosXamarin\MisCursosXamarin.iOS\MisCursosXamarin.iOS.csproj", "{3C3BF88E-B723-4657-AD1B-1C5CDA741EA9}"
EndProject
Global
	GlobalSection(SolutionConfigurationPlatforms) = preSolution
		Ad-Hoc|Any CPU = Ad-Hoc|Any CPU
		Ad-Hoc|ARM = Ad-Hoc|ARM
		Ad-Hoc|iPhone = Ad-Hoc|iPhone
		Ad-Hoc|iPhoneSimulator = Ad-Hoc|iPhoneSimulator
		Ad-Hoc|x64 = Ad-Hoc|x64
		Ad-Hoc|x86 = Ad-Hoc|x86
		AppStore|Any CPU = AppStore|Any CPU
		AppStore|ARM = AppStore|ARM
		AppStore|iPhone = AppStore|iPhone
		AppStore|iPhoneSimulator = AppStore|iPhoneSimulator
		AppStore|x64 = AppStore|x64
		AppStore|x86 = AppStore|x86
		Debug|Any CPU = Debug|Any CPU
		Debug|ARM = Debug|ARM
		Debug|iPhone = Debug|iPhone
		Debug|iPhoneSimulator = Debug|iPhoneSimulator
		Debug|x64 = Debug|x64
		Debug|x86 = Debug|x86
		Release|Any CPU = Release|Any CPU
		Release|ARM = Release|ARM
		Release|iPhone = Release|iPhone
		Release|iPhoneSimulator = Release|iPhoneSimulator
		Release|x64 = Release|x64
		Release|x86 = Release|x86
	EndGlobalSection
	GlobalSection(ProjectConfigurationPlatforms) = postSolution
		{BF01C39B-2107-41AF-BD2D-502B88593B4B}.Ad-Hoc|Any CPU.ActiveCfg = Release|Any CPU
		{BF01C39B-2107-41AF-BD2D-502B88593B4B}.Ad-Hoc|Any CPU.Build.0 = Release|Any CPU
		{BF01C39B-2107-41AF-BD2D-502B88593B4B}.Ad-Hoc|Any CPU.Deploy.0 = Release|Any CPU
		{BF01C39B-2107-41AF-BD2D-502B88593B4B}.Ad-Hoc|ARM.ActiveCfg = Release|Any CPU
		{BF01C39B-2107-41AF-BD2D-502B88593B4B}.Ad-Hoc|ARM.Build.0 = Release|Any CPU
		{BF01C39B-2107-41AF-BD2D-502B88593B4B}.Ad-Hoc|ARM.Deploy.0 = Release|Any CPU
		{BF01C39B-2107-41AF-BD2D-502B88593B4B}.Ad-Hoc|iPhone.ActiveCfg = Release|Any CPU
		{BF01C39B-2107-41AF-BD2D-502B88593B4B}.Ad-Hoc|iPhone.Build.0 = Release|Any CPU
		{BF01C39B-2107-41AF-BD2D-502B88593B4B}.Ad-Hoc|iPhone.Deploy.0 = Release|Any CPU
		{BF01C39B-2107-41AF-BD2D-502B88593B4B}.Ad-Hoc|iPhoneSimulator.ActiveCfg = Release|Any CPU
		{BF01C39B-2107-41AF-BD2D-502B88593B4B}.Ad-Hoc|iPhoneSimulator.Build.0 = Release|Any CPU
		{BF01C39B-2107-41AF-BD2D-502B88593B4B}.Ad-Hoc|iPhoneSimulator.Deploy.0 = Release|Any CPU
		{BF01C39B-2107-41AF-BD2D-502B88593B4B}.Ad-Hoc|x64.ActiveCfg = Release|Any CPU
		{BF01C39B-2107-41AF-BD2D-502B88593B4B}.Ad-Hoc|x64.Build.0 = Release|Any CPU
		{BF01C39B-2107-41AF-BD2D-502B88593B4B}.Ad-Hoc|x64.Deploy.0 = Release|Any CPU
		{BF01C39B-2107-41AF-BD2D-502B88593B4B}.Ad-Hoc|x86.ActiveCfg = Release|Any CPU
		{BF01C39B-2107-41AF-BD2D-502B88593B4B}.Ad-Hoc|x86.Build.0 = Release|Any CPU
		{BF01C39B-2107-41AF-BD2D-502B88593B4B}.Ad-Hoc|x86.Deploy.0 = Release|Any CPU
		{BF01C39B-2107-41AF-BD2D-502B88593B4B}.AppStore|Any CPU.ActiveCfg = Release|Any CPU
		{BF01C39B-2107-41AF-BD2D-502B88593B4B}.AppStore|Any CPU.Build.0 = Release|Any CPU
		{BF01C39B-2107-41AF-BD2D-502B88593B4B}.AppStore|Any CPU.Deploy.0 = Release|Any CPU
		{BF01C39B-2107-41AF-BD2D-502B88593B4B}.AppStore|ARM.ActiveCfg = Release|Any CPU
		{BF01C39B-2107-41AF-BD2D-502B88593B4B}.AppStore|ARM.Build.0 = Release|Any CPU
		{BF01C39B-2107-41AF-BD2D-502B88593B4B}.AppStore|ARM.Deploy.0 = Release|Any CPU
		{BF01C39B-2107-41AF-BD2D-502B88593B4B}.AppStore|iPhone.ActiveCfg = Release|Any CPU
		{BF01C39B-2107-41AF-BD2D-502B88593B4B}.AppStore|iPhone.Build.0 = Release|Any CPU
		{BF01C39B-2107-41AF-BD2D-502B88593B4B}.AppStore|iPhone.Deploy.0 = Release|Any CPU
		{BF01C39B-2107-41AF-BD2D-502B88593B4B}.AppStore|iPhoneSimulator.ActiveCfg = Release|Any CPU
		{BF01C39B-2107-41AF-BD2D-502B88593B4B}.AppStore|iPhoneSimulator.Build.0 = Release|Any CPU
		{BF01C39B-2107-41AF-BD2D-502B88593B4B}.AppStore|iPhoneSimulator.Deploy.0 = Release|Any CPU
		{BF01C39B-2107-41AF-BD2D-502B88593B4B}.AppStore|x64.ActiveCfg = Release|Any CPU
		{BF01C39B-2107-41AF-BD2D-502B88593B4B}.AppStore|x64.Build.0 = Release|Any CPU
		{BF01C39B-2107-41AF-BD2D-502B88593B4B}.AppStore|x64.Deploy.0 = Release|Any CPU
		{BF01C39B-2107-41AF-BD2D-502B88593B4B}.AppStore|x86.ActiveCfg = Release|Any CPU
		{BF01C39B-2107-41AF-BD2D-502B88593B4B}.AppStore|x86.Build.0 = Release|Any CPU
		{BF01C39B-2107-41AF-BD2D-502B88593B4B}.AppStore|x86.Deploy.0 = Release|Any CPU
		{BF01C39B-2107-41AF-BD2D-502B88593B4B}.Debug|Any CPU.ActiveCfg = Debug|Any CPU
		{BF01C39B-2107-41AF-BD2D-502B88593B4B}.Debug|Any CPU.Build.0 = Debug|Any CPU
		{BF01C39B-2107-41AF-BD2D-502B88593B4B}.Debug|Any CPU.Deploy.0 = Debug|Any CPU
		{BF01C39B-2107-41AF-BD2D-502B88593B4B}.Debug|ARM.ActiveCfg = Debug|Any CPU
		{BF01C39B-2107-41AF-BD2D-502B88593B4B}.Debug|ARM.Build.0 = Debug|Any CPU
		{BF01C39B-2107-41AF-BD2D-502B88593B4B}.Debug|ARM.Deploy.0 = Debug|Any CPU
		{BF01C39B-2107-41AF-BD2D-502B88593B4B}.Debug|iPhone.ActiveCfg = Debug|Any CPU
		{BF01C39B-2107-41AF-BD2D-502B88593B4B}.Debug|iPhone.Build.0 = Debug|Any CPU
		{BF01C39B-2107-41AF-BD2D-502B88593B4B}.Debug|iPhone.Deploy.0 = Debug|Any CPU
		{BF01C39B-2107-41AF-BD2D-502B88593B4B}.Debug|iPhoneSimulator.ActiveCfg = Debug|Any CPU
		{BF01C39B-2107-41AF-BD2D-502B88593B4B}.Debug|iPhoneSimulator.Build.0 = Debug|Any CPU
		{BF01C39B-2107-41AF-BD2D-502B88593B4B}.Debug|iPhoneSimulator.Deploy.0 = Debug|Any CPU
		{BF01C39B-2107-41AF-BD2D-502B88593B4B}.Debug|x64.ActiveCfg = Debug|Any CPU
		{BF01C39B-2107-41AF-BD2D-502B88593B4B}.Debug|x64.Build.0 = Debug|Any CPU
		{BF01C39B-2107-41AF-BD2D-502B88593B4B}.Debug|x64.Deploy.0 = Debug|Any CPU
		{BF01C39B-2107-41AF-BD2D-502B88593B4B}.Debug|x86.ActiveCfg = Debug|Any CPU
		{BF01C39B-2107-41AF-BD2D-502B88593B4B}.Debug|x86.Build.0 = Debug|Any CPU
		{BF01C39B-2107-41AF-BD2D-502B88593B4B}.Debug|x86.Deploy.0 = Debug|Any CPU
		{BF01C39B-2107-41AF-BD2D-502B88593B4B}.Release|Any CPU.ActiveCfg = Release|Any CPU
		{BF01C39B-2107-41AF-BD2D-502B88593B4B}.Release|Any CPU.Build.0 = Release|Any CPU
		{BF01C39B-2107-41AF-BD2D-502B88593B4B}.Release|Any CPU.Deploy.0 = Release|Any CPU
		{BF01C39B-2107-41AF-BD2D-502B88593B4B}.Release|ARM.ActiveCfg = Release|Any CPU
		{BF01C39B-2107-41AF-BD2D-502B88593B4B}.Release|ARM.Build.0 = Release|Any CPU
		{BF01C39B-2107-41AF-BD2D-502B88593B4B}.Release|ARM.Deploy.0 = Release|Any CPU
		{BF01C39B-2107-41AF-BD2D-502B88593B4B}.Release|iPhone.ActiveCfg = Release|Any CPU
		{BF01C39B-2107-41AF-BD2D-502B88593B4B}.Release|iPhone.Build.0 = Release|Any CPU
		{BF01C39B-2107-41AF-BD2D-502B88593B4B}.Release|iPhone.Deploy.0 = Release|Any CPU
		{BF01C39B-2107-41AF-BD2D-502B88593B4B}.Release|iPhoneSimulator.ActiveCfg = Release|Any CPU
		{BF01C39B-2107-41AF-BD2D-502B88593B4B}.Release|iPhoneSimulator.Build.0 = Release|Any CPU
		{BF01C39B-2107-41AF-BD2D-502B88593B4B}.Release|iPhoneSimulator.Deploy.0 = Release|Any CPU
		{BF01C39B-2107-41AF-BD2D-502B88593B4B}.Release|x64.ActiveCfg = Release|Any CPU
		{BF01C39B-2107-41AF-BD2D-502B88593B4B}.Release|x64.Build.0 = Release|Any CPU
		{BF01C39B-2107-41AF-BD2D-502B88593B4B}.Release|x64.Deploy.0 = Release|Any CPU
		{BF01C39B-2107-41AF-BD2D-502B88593B4B}.Release|x86.ActiveCfg = Release|Any CPU
		{BF01C39B-2107-41AF-BD2D-502B88593B4B}.Release|x86.Build.0 = Release|Any CPU
		{BF01C39B-2107-41AF-BD2D-502B88593B4B}.Release|x86.Deploy.0 = Release|Any CPU
		{CCB88531-9B1B-4AD5-A44F-E136576DF1E7}.Ad-Hoc|Any CPU.ActiveCfg = Release|Any CPU
		{CCB88531-9B1B-4AD5-A44F-E136576DF1E7}.Ad-Hoc|Any CPU.Build.0 = Release|Any CPU
		{CCB88531-9B1B-4AD5-A44F-E136576DF1E7}.Ad-Hoc|ARM.ActiveCfg = Release|Any CPU
		{CCB88531-9B1B-4AD5-A44F-E136576DF1E7}.Ad-Hoc|ARM.Build.0 = Release|Any CPU
		{CCB88531-9B1B-4AD5-A44F-E136576DF1E7}.Ad-Hoc|iPhone.ActiveCfg = Release|Any CPU
		{CCB88531-9B1B-4AD5-A44F-E136576DF1E7}.Ad-Hoc|iPhone.Build.0 = Release|Any CPU
		{CCB88531-9B1B-4AD5-A44F-E136576DF1E7}.Ad-Hoc|iPhoneSimulator.ActiveCfg = Release|Any CPU
		{CCB88531-9B1B-4AD5-A44F-E136576DF1E7}.Ad-Hoc|iPhoneSimulator.Build.0 = Release|Any CPU
		{CCB88531-9B1B-4AD5-A44F-E136576DF1E7}.Ad-Hoc|x64.ActiveCfg = Release|Any CPU
		{CCB88531-9B1B-4AD5-A44F-E136576DF1E7}.Ad-Hoc|x64.Build.0 = Release|Any CPU
		{CCB88531-9B1B-4AD5-A44F-E136576DF1E7}.Ad-Hoc|x86.ActiveCfg = Release|Any CPU
		{CCB88531-9B1B-4AD5-A44F-E136576DF1E7}.Ad-Hoc|x86.Build.0 = Release|Any CPU
		{CCB88531-9B1B-4AD5-A44F-E136576DF1E7}.AppStore|Any CPU.ActiveCfg = Release|Any CPU
		{CCB88531-9B1B-4AD5-A44F-E136576DF1E7}.AppStore|Any CPU.Build.0 = Release|Any CPU
		{CCB88531-9B1B-4AD5-A44F-E136576DF1E7}.AppStore|ARM.ActiveCfg = Release|Any CPU
		{CCB88531-9B1B-4AD5-A44F-E136576DF1E7}.AppStore|ARM.Build.0 = Release|Any CPU
		{CCB88531-9B1B-4AD5-A44F-E136576DF1E7}.AppStore|iPhone.ActiveCfg = Release|Any CPU
		{CCB88531-9B1B-4AD5-A44F-E136576DF1E7}.AppStore|iPhone.Build.0 = Release|Any CPU
		{CCB88531-9B1B-4AD5-A44F-E136576DF1E7}.AppStore|iPhoneSimulator.ActiveCfg = Release|Any CPU
		{CCB88531-9B1B-4AD5-A44F-E136576DF1E7}.AppStore|iPhoneSimulator.Build.0 = Release|Any CPU
		{CCB88531-9B1B-4AD5-A44F-E136576DF1E7}.AppStore|x64.ActiveCfg = Release|Any CPU
		{CCB88531-9B1B-4AD5-A44F-E136576DF1E7}.AppStore|x64.Build.0 = Release|Any CPU
		{CCB88531-9B1B-4AD5-A44F-E136576DF1E7}.AppStore|x86.ActiveCfg = Release|Any CPU
		{CCB88531-9B1B-4AD5-A44F-E136576DF1E7}.AppStore|x86.Build.0 = Release|Any CPU
		{CCB88531-9B1B-4AD5-A44F-E136576DF1E7}.Debug|Any CPU.ActiveCfg = Debug|Any CPU
		{CCB88531-9B1B-4AD5-A44F-E136576DF1E7}.Debug|Any CPU.Build.0 = Debug|Any CPU
		{CCB88531-9B1B-4AD5-A44F-E136576DF1E7}.Debug|ARM.ActiveCfg = Debug|Any CPU
		{CCB88531-9B1B-4AD5-A44F-E136576DF1E7}.Debug|ARM.Build.0 = Debug|Any CPU
		{CCB88531-9B1B-4AD5-A44F-E136576DF1E7}.Debug|iPhone.ActiveCfg = Debug|Any CPU
		{CCB88531-9B1B-4AD5-A44F-E136576DF1E7}.Debug|iPhone.Build.0 = Debug|Any CPU
		{CCB88531-9B1B-4AD5-A44F-E136576DF1E7}.Debug|iPhoneSimulator.ActiveCfg = Debug|Any CPU
		{CCB88531-9B1B-4AD5-A44F-E136576DF1E7}.Debug|iPhoneSimulator.Build.0 = Debug|Any CPU
		{CCB88531-9B1B-4AD5-A44F-E136576DF1E7}.Debug|x64.ActiveCfg = Debug|Any CPU
		{CCB88531-9B1B-4AD5-A44F-E136576DF1E7}.Debug|x64.Build.0 = Debug|Any CPU
		{CCB88531-9B1B-4AD5-A44F-E136576DF1E7}.Debug|x86.ActiveCfg = Debug|Any CPU
		{CCB88531-9B1B-4AD5-A44F-E136576DF1E7}.Debug|x86.Build.0 = Debug|Any CPU
		{CCB88531-9B1B-4AD5-A44F-E136576DF1E7}.Release|Any CPU.ActiveCfg = Release|Any CPU
		{CCB88531-9B1B-4AD5-A44F-E136576DF1E7}.Release|Any CPU.Build.0 = Release|Any CPU
		{CCB88531-9B1B-4AD5-A44F-E136576DF1E7}.Release|ARM.ActiveCfg = Release|Any CPU
		{CCB88531-9B1B-4AD5-A44F-E136576DF1E7}.Release|ARM.Build.0 = Release|Any CPU
		{CCB88531-9B1B-4AD5-A44F-E136576DF1E7}.Release|iPhone.ActiveCfg = Release|Any CPU
		{CCB88531-9B1B-4AD5-A44F-E136576DF1E7}.Release|iPhone.Build.0 = Release|Any CPU
		{CCB88531-9B1B-4AD5-A44F-E136576DF1E7}.Release|iPhoneSimulator.ActiveCfg = Release|Any CPU
		{CCB88531-9B1B-4AD5-A44F-E136576DF1E7}.Release|iPhoneSimulator.Build.0 = Release|Any CPU
		{CCB88531-9B1B-4AD5-A44F-E136576DF1E7}.Release|x64.ActiveCfg = Release|Any CPU
		{CCB88531-9B1B-4AD5-A44F-E136576DF1E7}.Release|x64.Build.0 = Release|Any CPU
		{CCB88531-9B1B-4AD5-A44F-E136576DF1E7}.Release|x86.ActiveCfg = Release|Any CPU
		{CCB88531-9B1B-4AD5-A44F-E136576DF1E7}.Release|x86.Build.0 = Release|Any CPU
		{81FFAC3A-3AE3-47D7-B39A-93D719BAEB90}.Ad-Hoc|Any CPU.ActiveCfg = Release|x86
		{81FFAC3A-3AE3-47D7-B39A-93D719BAEB90}.Ad-Hoc|Any CPU.Build.0 = Release|x86
		{81FFAC3A-3AE3-47D7-B39A-93D719BAEB90}.Ad-Hoc|Any CPU.Deploy.0 = Release|x86
		{81FFAC3A-3AE3-47D7-B39A-93D719BAEB90}.Ad-Hoc|ARM.ActiveCfg = Release|ARM
		{81FFAC3A-3AE3-47D7-B39A-93D719BAEB90}.Ad-Hoc|ARM.Build.0 = Release|ARM
		{81FFAC3A-3AE3-47D7-B39A-93D719BAEB90}.Ad-Hoc|ARM.Deploy.0 = Release|ARM
		{81FFAC3A-3AE3-47D7-B39A-93D719BAEB90}.Ad-Hoc|iPhone.ActiveCfg = Release|x86
		{81FFAC3A-3AE3-47D7-B39A-93D719BAEB90}.Ad-Hoc|iPhone.Build.0 = Release|x86
		{81FFAC3A-3AE3-47D7-B39A-93D719BAEB90}.Ad-Hoc|iPhone.Deploy.0 = Release|x86
		{81FFAC3A-3AE3-47D7-B39A-93D719BAEB90}.Ad-Hoc|iPhoneSimulator.ActiveCfg = Release|x86
		{81FFAC3A-3AE3-47D7-B39A-93D719BAEB90}.Ad-Hoc|iPhoneSimulator.Build.0 = Release|x86
		{81FFAC3A-3AE3-47D7-B39A-93D719BAEB90}.Ad-Hoc|iPhoneSimulator.Deploy.0 = Release|x86
		{81FFAC3A-3AE3-47D7-B39A-93D719BAEB90}.Ad-Hoc|x64.ActiveCfg = Release|x64
		{81FFAC3A-3AE3-47D7-B39A-93D719BAEB90}.Ad-Hoc|x64.Build.0 = Release|x64
		{81FFAC3A-3AE3-47D7-B39A-93D719BAEB90}.Ad-Hoc|x64.Deploy.0 = Release|x64
		{81FFAC3A-3AE3-47D7-B39A-93D719BAEB90}.Ad-Hoc|x86.ActiveCfg = Release|x86
		{81FFAC3A-3AE3-47D7-B39A-93D719BAEB90}.Ad-Hoc|x86.Build.0 = Release|x86
		{81FFAC3A-3AE3-47D7-B39A-93D719BAEB90}.Ad-Hoc|x86.Deploy.0 = Release|x86
		{81FFAC3A-3AE3-47D7-B39A-93D719BAEB90}.AppStore|Any CPU.ActiveCfg = Release|x86
		{81FFAC3A-3AE3-47D7-B39A-93D719BAEB90}.AppStore|Any CPU.Build.0 = Release|x86
		{81FFAC3A-3AE3-47D7-B39A-93D719BAEB90}.AppStore|Any CPU.Deploy.0 = Release|x86
		{81FFAC3A-3AE3-47D7-B39A-93D719BAEB90}.AppStore|ARM.ActiveCfg = Release|ARM
		{81FFAC3A-3AE3-47D7-B39A-93D719BAEB90}.AppStore|ARM.Build.0 = Release|ARM
		{81FFAC3A-3AE3-47D7-B39A-93D719BAEB90}.AppStore|ARM.Deploy.0 = Release|ARM
		{81FFAC3A-3AE3-47D7-B39A-93D719BAEB90}.AppStore|iPhone.ActiveCfg = Release|x86
		{81FFAC3A-3AE3-47D7-B39A-93D719BAEB90}.AppStore|iPhone.Build.0 = Release|x86
		{81FFAC3A-3AE3-47D7-B39A-93D719BAEB90}.AppStore|iPhone.Deploy.0 = Release|x86
		{81FFAC3A-3AE3-47D7-B39A-93D719BAEB90}.AppStore|iPhoneSimulator.ActiveCfg = Release|x86
		{81FFAC3A-3AE3-47D7-B39A-93D719BAEB90}.AppStore|iPhoneSimulator.Build.0 = Release|x86
		{81FFAC3A-3AE3-47D7-B39A-93D719BAEB90}.AppStore|iPhoneSimulator.Deploy.0 = Release|x86
		{81FFAC3A-3AE3-47D7-B39A-93D719BAEB90}.AppStore|x64.ActiveCfg = Release|x64
		{81FFAC3A-3AE3-47D7-B39A-93D719BAEB90}.AppStore|x64.Build.0 = Release|x64
		{81FFAC3A-3AE3-47D7-B39A-93D719BAEB90}.AppStore|x64.Deploy.0 = Release|x64
		{81FFAC3A-3AE3-47D7-B39A-93D719BAEB90}.AppStore|x86.ActiveCfg = Release|x86
		{81FFAC3A-3AE3-47D7-B39A-93D719BAEB90}.AppStore|x86.Build.0 = Release|x86
		{81FFAC3A-3AE3-47D7-B39A-93D719BAEB90}.AppStore|x86.Deploy.0 = Release|x86
		{81FFAC3A-3AE3-47D7-B39A-93D719BAEB90}.Debug|Any CPU.ActiveCfg = Debug|x86
		{81FFAC3A-3AE3-47D7-B39A-93D719BAEB90}.Debug|ARM.ActiveCfg = Debug|ARM
		{81FFAC3A-3AE3-47D7-B39A-93D719BAEB90}.Debug|ARM.Build.0 = Debug|ARM
		{81FFAC3A-3AE3-47D7-B39A-93D719BAEB90}.Debug|ARM.Deploy.0 = Debug|ARM
		{81FFAC3A-3AE3-47D7-B39A-93D719BAEB90}.Debug|iPhone.ActiveCfg = Debug|x86
		{81FFAC3A-3AE3-47D7-B39A-93D719BAEB90}.Debug|iPhoneSimulator.ActiveCfg = Debug|x86
		{81FFAC3A-3AE3-47D7-B39A-93D719BAEB90}.Debug|x64.ActiveCfg = Debug|x64
		{81FFAC3A-3AE3-47D7-B39A-93D719BAEB90}.Debug|x64.Build.0 = Debug|x64
		{81FFAC3A-3AE3-47D7-B39A-93D719BAEB90}.Debug|x64.Deploy.0 = Debug|x64
		{81FFAC3A-3AE3-47D7-B39A-93D719BAEB90}.Debug|x86.ActiveCfg = Debug|x86
		{81FFAC3A-3AE3-47D7-B39A-93D719BAEB90}.Debug|x86.Build.0 = Debug|x86
		{81FFAC3A-3AE3-47D7-B39A-93D719BAEB90}.Debug|x86.Deploy.0 = Debug|x86
		{81FFAC3A-3AE3-47D7-B39A-93D719BAEB90}.Release|Any CPU.ActiveCfg = Release|x86
		{81FFAC3A-3AE3-47D7-B39A-93D719BAEB90}.Release|ARM.ActiveCfg = Release|ARM
		{81FFAC3A-3AE3-47D7-B39A-93D719BAEB90}.Release|ARM.Build.0 = Release|ARM
		{81FFAC3A-3AE3-47D7-B39A-93D719BAEB90}.Release|ARM.Deploy.0 = Release|ARM
		{81FFAC3A-3AE3-47D7-B39A-93D719BAEB90}.Release|iPhone.ActiveCfg = Release|x86
		{81FFAC3A-3AE3-47D7-B39A-93D719BAEB90}.Release|iPhoneSimulator.ActiveCfg = Release|x86
		{81FFAC3A-3AE3-47D7-B39A-93D719BAEB90}.Release|x64.ActiveCfg = Release|x64
		{81FFAC3A-3AE3-47D7-B39A-93D719BAEB90}.Release|x64.Build.0 = Release|x64
		{81FFAC3A-3AE3-47D7-B39A-93D719BAEB90}.Release|x64.Deploy.0 = Release|x64
		{81FFAC3A-3AE3-47D7-B39A-93D719BAEB90}.Release|x86.ActiveCfg = Release|x86
		{81FFAC3A-3AE3-47D7-B39A-93D719BAEB90}.Release|x86.Build.0 = Release|x86
		{81FFAC3A-3AE3-47D7-B39A-93D719BAEB90}.Release|x86.Deploy.0 = Release|x86
		{3C3BF88E-B723-4657-AD1B-1C5CDA741EA9}.Ad-Hoc|Any CPU.ActiveCfg = Ad-Hoc|iPhone
		{3C3BF88E-B723-4657-AD1B-1C5CDA741EA9}.Ad-Hoc|ARM.ActiveCfg = Ad-Hoc|iPhone
		{3C3BF88E-B723-4657-AD1B-1C5CDA741EA9}.Ad-Hoc|iPhone.ActiveCfg = Ad-Hoc|iPhone
		{3C3BF88E-B723-4657-AD1B-1C5CDA741EA9}.Ad-Hoc|iPhone.Build.0 = Ad-Hoc|iPhone
		{3C3BF88E-B723-4657-AD1B-1C5CDA741EA9}.Ad-Hoc|iPhoneSimulator.ActiveCfg = Ad-Hoc|iPhoneSimulator
		{3C3BF88E-B723-4657-AD1B-1C5CDA741EA9}.Ad-Hoc|iPhoneSimulator.Build.0 = Ad-Hoc|iPhoneSimulator
		{3C3BF88E-B723-4657-AD1B-1C5CDA741EA9}.Ad-Hoc|x64.ActiveCfg = Ad-Hoc|iPhone
		{3C3BF88E-B723-4657-AD1B-1C5CDA741EA9}.Ad-Hoc|x86.ActiveCfg = Ad-Hoc|iPhone
		{3C3BF88E-B723-4657-AD1B-1C5CDA741EA9}.AppStore|Any CPU.ActiveCfg = AppStore|iPhone
		{3C3BF88E-B723-4657-AD1B-1C5CDA741EA9}.AppStore|ARM.ActiveCfg = AppStore|iPhone
		{3C3BF88E-B723-4657-AD1B-1C5CDA741EA9}.AppStore|iPhone.ActiveCfg = AppStore|iPhone
		{3C3BF88E-B723-4657-AD1B-1C5CDA741EA9}.AppStore|iPhone.Build.0 = AppStore|iPhone
		{3C3BF88E-B723-4657-AD1B-1C5CDA741EA9}.AppStore|iPhoneSimulator.ActiveCfg = AppStore|iPhoneSimulator
		{3C3BF88E-B723-4657-AD1B-1C5CDA741EA9}.AppStore|iPhoneSimulator.Build.0 = AppStore|iPhoneSimulator
		{3C3BF88E-B723-4657-AD1B-1C5CDA741EA9}.AppStore|x64.ActiveCfg = AppStore|iPhone
		{3C3BF88E-B723-4657-AD1B-1C5CDA741EA9}.AppStore|x86.ActiveCfg = AppStore|iPhone
		{3C3BF88E-B723-4657-AD1B-1C5CDA741EA9}.Debug|Any CPU.ActiveCfg = Debug|iPhone
		{3C3BF88E-B723-4657-AD1B-1C5CDA741EA9}.Debug|ARM.ActiveCfg = Debug|iPhone
		{3C3BF88E-B723-4657-AD1B-1C5CDA741EA9}.Debug|iPhone.ActiveCfg = Debug|iPhone
		{3C3BF88E-B723-4657-AD1B-1C5CDA741EA9}.Debug|iPhone.Build.0 = Debug|iPhone
		{3C3BF88E-B723-4657-AD1B-1C5CDA741EA9}.Debug|iPhoneSimulator.ActiveCfg = Debug|iPhoneSimulator
		{3C3BF88E-B723-4657-AD1B-1C5CDA741EA9}.Debug|iPhoneSimulator.Build.0 = Debug|iPhoneSimulator
		{3C3BF88E-B723-4657-AD1B-1C5CDA741EA9}.Debug|x64.ActiveCfg = Debug|iPhone
		{3C3BF88E-B723-4657-AD1B-1C5CDA741EA9}.Debug|x86.ActiveCfg = Debug|iPhone
		{3C3BF88E-B723-4657-AD1B-1C5CDA741EA9}.Release|Any CPU.ActiveCfg = Release|iPhone
		{3C3BF88E-B723-4657-AD1B-1C5CDA741EA9}.Release|ARM.ActiveCfg = Release|iPhone
		{3C3BF88E-B723-4657-AD1B-1C5CDA741EA9}.Release|iPhone.ActiveCfg = Release|iPhone
		{3C3BF88E-B723-4657-AD1B-1C5CDA741EA9}.Release|iPhone.Build.0 = Release|iPhone
		{3C3BF88E-B723-4657-AD1B-1C5CDA741EA9}.Release|iPhoneSimulator.ActiveCfg = Release|iPhoneSimulator
		{3C3BF88E-B723-4657-AD1B-1C5CDA741EA9}.Release|iPhoneSimulator.Build.0 = Release|iPhoneSimulator
		{3C3BF88E-B723-4657-AD1B-1C5CDA741EA9}.Release|x64.ActiveCfg = Release|iPhone
		{3C3BF88E-B723-4657-AD1B-1C5CDA741EA9}.Release|x86.ActiveCfg = Release|iPhone
	EndGlobalSection
	GlobalSection(SolutionProperties) = preSolution
		HideSolutionNode = FALSE
	EndGlobalSection
EndGlobal
